Microsoft Visual Studio Solution File, Format Version 12.00
# Visual Studio Version 17
VisualStudioVersion = 17.5.2.0
MinimumVisualStudioVersion = 10.0.40219.1
Project("{2150E333-8FDC-42A3-9474-1A3956D46DE8}") = "src", "src", "{827E0CD3-B72D-47B6-A68D-7590B98EB39B}"
EndProject
Project("{2150E333-8FDC-42A3-9474-1A3956D46DE8}") = "tests", "tests", "{0AB3BF05-4346-4AA6-1389-037BE0695223}"
EndProject
Project("{FAE04EC0-301F-11D3-BF4B-00C04F79EFBC}") = "Fudie.Generator", "src\Fudie.Generator\Fudie.Generator.csproj", "{557943C4-5C11-7C2E-73E9-EA0C5E5E1803}"
EndProject
Project("{FAE04EC0-301F-11D3-BF4B-00C04F79EFBC}") = "Fudie.PubSub", "src\Fudie.PubSub\Fudie.PubSub.csproj", "{98E4E005-1E7C-F65E-7F8F-282D91EBE6BD}"
EndProject
Project("{FAE04EC0-301F-11D3-BF4B-00C04F79EFBC}") = "Fudie.Security", "src\Fudie.Security\Fudie.Security.csproj", "{EB995F32-5910-48D2-83CB-556153FF8CE8}"
EndProject
Project("{FAE04EC0-301F-11D3-BF4B-00C04F79EFBC}") = "Fudie.Generator.UnitTests", "tests\Fudie.Generator.UnitTests\Fudie.Generator.UnitTests.csproj", "{D5AA14CA-F4FE-1C7E-9F14-41BF0EAE8DFD}"
EndProject
Project("{FAE04EC0-301F-11D3-BF4B-00C04F79EFBC}") = "Fudie.PubSub.UnitTests", "tests\Fudie.PubSub.UnitTests\Fudie.PubSub.UnitTests.csproj", "{50670F1E-3A04-8BAB-C7B3-BE3AD51E4445}"
EndProject
Project("{FAE04EC0-301F-11D3-BF4B-00C04F79EFBC}") = "Fudie.Security.UnitTests", "tests\Fudie.Security.UnitTests\Fudie.Security.UnitTests.csproj", "{CDE352C6-4A7B-89F2-E88B-1B6090FAFFEF}"
EndProject
Project("{FAE04EC0-301F-11D3-BF4B-00C04F79EFBC}") = "Fudie.Domain", "src\Fudie.Domain\Fudie.Domain.csproj", "{59C5545C-FDD9-43C5-846D-A922AA841BA5}"
EndProject
Project("{FAE04EC0-301F-11D3-BF4B-00C04F79EFBC}") = "Fudie.Validation", "src\Fudie.Validation\Fudie.Validation.csproj", "{8D870140-EAD9-46CC-AF3C-957799B0C19D}"
EndProject
Project("{FAE04EC0-301F-11D3-BF4B-00C04F79EFBC}") = "Fudie.Infrastructure", "src\Fudie.Infrastructure\Fudie.Infrastructure.csproj", "{A6169AB7-8955-46AE-8410-F134AD3D5F04}"
EndProject
Project("{FAE04EC0-301F-11D3-BF4B-00C04F79EFBC}") = "Fudie.DependencyInjection", "src\Fudie.DependencyInjection\Fudie.DependencyInjection.csproj", "{CA22111E-5183-4698-9491-5344AA3F544B}"
EndProject
Project("{FAE04EC0-301F-11D3-BF4B-00C04F79EFBC}") = "Fudie.OpenApi", "src\Fudie.OpenApi\Fudie.OpenApi.csproj", "{8BE21A34-6EAE-4417-935D-375641019C49}"
EndProject
Project("{FAE04EC0-301F-11D3-BF4B-00C04F79EFBC}") = "Fudie.Domain.UnitTests", "tests\Fudie.Domain.UnitTests\Fudie.Domain.UnitTests.csproj", "{CBBA7F02-28A4-4E00-9EB8-44350EECDFFC}"
EndProject
Project("{FAE04EC0-301F-11D3-BF4B-00C04F79EFBC}") = "Fudie.Validation.UnitTests", "tests\Fudie.Validation.UnitTests\Fudie.Validation.UnitTests.csproj", "{775DEF33-A89E-442B-A5DC-876A0E4AA1A1}"
EndProject
Project("{FAE04EC0-301F-11D3-BF4B-00C04F79EFBC}") = "Fudie.Infrastructure.UnitTests", "tests\Fudie.Infrastructure.UnitTests\Fudie.Infrastructure.UnitTests.csproj", "{20080380-CCCF-4579-9083-0288D065F10D}"
EndProject
Project("{FAE04EC0-301F-11D3-BF4B-00C04F79EFBC}") = "Fudie.DependencyInjection.UnitTests", "tests\Fudie.DependencyInjection.UnitTests\Fudie.DependencyInjection.UnitTests.csproj", "{C537478B-1077-4770-B51A-346016B6A793}"
EndProject
Project("{FAE04EC0-301F-11D3-BF4B-00C04F79EFBC}") = "Fudie.OpenApi.UnitTests", "tests\Fudie.OpenApi.UnitTests\Fudie.OpenApi.UnitTests.csproj", "{14F5294A-710B-4696-BCA7-717E5022EF79}"
EndProject
Project("{FAE04EC0-301F-11D3-BF4B-00C04F79EFBC}") = "Fudie.Security.Jwt", "src\Fudie.Security.Jwt\Fudie.Security.Jwt.csproj", "{CEA28CA3-3748-4617-B59A-33FD90297165}"
EndProject
Project("{FAE04EC0-301F-11D3-BF4B-00C04F79EFBC}") = "Fudie.Security.Jwt.UnitTests", "tests\Fudie.Security.Jwt.UnitTests\Fudie.Security.Jwt.UnitTests.csproj", "{2B6CDD00-5CCB-44C8-A5BE-B7CFBEED8F6B}"
EndProject
Project("{FAE04EC0-301F-11D3-BF4B-00C04F79EFBC}") = "Fudie.Security.Extensions", "src\Fudie.Security.Extensions\Fudie.Security.Extensions.csproj", "{7262CBA2-C34E-44CC-AA17-493A9AE2C5AA}"
EndProject
Project("{FAE04EC0-301F-11D3-BF4B-00C04F79EFBC}") = "Fudie.Security.Extensions.UnitTests", "tests\Fudie.Security.Extensions.UnitTests\Fudie.Security.Extensions.UnitTests.csproj", "{123BC4CD-7234-457B-B937-34687774EB63}"
EndProject
Project("{FAE04EC0-301F-11D3-BF4B-00C04F79EFBC}") = "Fudie.Http", "src\Fudie.Http\Fudie.Http.csproj", "{97110FDB-2183-4C0B-B7A6-CEA19860CABB}"
EndProject
Project("{FAE04EC0-301F-11D3-BF4B-00C04F79EFBC}") = "Fudie.Http.UnitTests", "tests\Fudie.Http.UnitTests\Fudie.Http.UnitTests.csproj", "{FE860017-7BDF-475F-8DFF-0788D6AAF655}"
EndProject
Project("{FAE04EC0-301F-11D3-BF4B-00C04F79EFBC}") = "Fudie.Security.Http", "src\Fudie.Security.Http\Fudie.Security.Http.csproj", "{F2236B5B-D51D-4FA3-805F-83425ED2E19E}"
EndProject
Project("{FAE04EC0-301F-11D3-BF4B-00C04F79EFBC}") = "Fudie.Security.Http.UnitTests", "tests\Fudie.Security.Http.UnitTests\Fudie.Security.Http.UnitTests.csproj", "{7513F4E6-119F-4D94-89D8-E66D563BFA2C}"
EndProject
Project("{FAE04EC0-301F-11D3-BF4B-00C04F79EFBC}") = "Fudie", "src\Fudie\Fudie.csproj", "{FD75FC44-46C3-4F91-9F08-D6FB317446A5}"
EndProject
Global
	GlobalSection(SolutionConfigurationPlatforms) = preSolution
		Debug|Any CPU = Debug|Any CPU
		Release|Any CPU = Release|Any CPU
	EndGlobalSection
	GlobalSection(ProjectConfigurationPlatforms) = postSolution
		{557943C4-5C11-7C2E-73E9-EA0C5E5E1803}.Debug|Any CPU.ActiveCfg = Debug|Any CPU
		{557943C4-5C11-7C2E-73E9-EA0C5E5E1803}.Debug|Any CPU.Build.0 = Debug|Any CPU
		{557943C4-5C11-7C2E-73E9-EA0C5E5E1803}.Release|Any CPU.ActiveCfg = Release|Any CPU
		{557943C4-5C11-7C2E-73E9-EA0C5E5E1803}.Release|Any CPU.Build.0 = Release|Any CPU
		{98E4E005-1E7C-F65E-7F8F-282D91EBE6BD}.Debug|Any CPU.ActiveCfg = Debug|Any CPU
		{98E4E005-1E7C-F65E-7F8F-282D91EBE6BD}.Debug|Any CPU.Build.0 = Debug|Any CPU
		{98E4E005-1E7C-F65E-7F8F-282D91EBE6BD}.Release|Any CPU.ActiveCfg = Release|Any CPU
		{98E4E005-1E7C-F65E-7F8F-282D91EBE6BD}.Release|Any CPU.Build.0 = Release|Any CPU
		{EB995F32-5910-48D2-83CB-556153FF8CE8}.Debug|Any CPU.ActiveCfg = Debug|Any CPU
		{EB995F32-5910-48D2-83CB-556153FF8CE8}.Debug|Any CPU.Build.0 = Debug|Any CPU
		{EB995F32-5910-48D2-83CB-556153FF8CE8}.Release|Any CPU.ActiveCfg = Release|Any CPU
		{EB995F32-5910-48D2-83CB-556153FF8CE8}.Release|Any CPU.Build.0 = Release|Any CPU
		{D5AA14CA-F4FE-1C7E-9F14-41BF0EAE8DFD}.Debug|Any CPU.ActiveCfg = Debug|Any CPU
		{D5AA14CA-F4FE-1C7E-9F14-41BF0EAE8DFD}.Debug|Any CPU.Build.0 = Debug|Any CPU
		{D5AA14CA-F4FE-1C7E-9F14-41BF0EAE8DFD}.Release|Any CPU.ActiveCfg = Release|Any CPU
		{D5AA14CA-F4FE-1C7E-9F14-41BF0EAE8DFD}.Release|Any CPU.Build.0 = Release|Any CPU
		{50670F1E-3A04-8BAB-C7B3-BE3AD51E4445}.Debug|Any CPU.ActiveCfg = Debug|Any CPU
		{50670F1E-3A04-8BAB-C7B3-BE3AD51E4445}.Debug|Any CPU.Build.0 = Debug|Any CPU
		{50670F1E-3A04-8BAB-C7B3-BE3AD51E4445}.Release|Any CPU.ActiveCfg = Release|Any CPU
		{50670F1E-3A04-8BAB-C7B3-BE3AD51E4445}.Release|Any CPU.Build.0 = Release|Any CPU
		{CDE352C6-4A7B-89F2-E88B-1B6090FAFFEF}.Debug|Any CPU.ActiveCfg = Debug|Any CPU
		{CDE352C6-4A7B-89F2-E88B-1B6090FAFFEF}.Debug|Any CPU.Build.0 = Debug|Any CPU
		{CDE352C6-4A7B-89F2-E88B-1B6090FAFFEF}.Release|Any CPU.ActiveCfg = Release|Any CPU
		{CDE352C6-4A7B-89F2-E88B-1B6090FAFFEF}.Release|Any CPU.Build.0 = Release|Any CPU
		{59C5545C-FDD9-43C5-846D-A922AA841BA5}.Debug|Any CPU.ActiveCfg = Debug|Any CPU
		{59C5545C-FDD9-43C5-846D-A922AA841BA5}.Debug|Any CPU.Build.0 = Debug|Any CPU
		{59C5545C-FDD9-43C5-846D-A922AA841BA5}.Release|Any CPU.ActiveCfg = Release|Any CPU
		{59C5545C-FDD9-43C5-846D-A922AA841BA5}.Release|Any CPU.Build.0 = Release|Any CPU
		{8D870140-EAD9-46CC-AF3C-957799B0C19D}.Debug|Any CPU.ActiveCfg = Debug|Any CPU
		{8D870140-EAD9-46CC-AF3C-957799B0C19D}.Debug|Any CPU.Build.0 = Debug|Any CPU
		{8D870140-EAD9-46CC-AF3C-957799B0C19D}.Release|Any CPU.ActiveCfg = Release|Any CPU
		{8D870140-EAD9-46CC-AF3C-957799B0C19D}.Release|Any CPU.Build.0 = Release|Any CPU
		{A6169AB7-8955-46AE-8410-F134AD3D5F04}.Debug|Any CPU.ActiveCfg = Debug|Any CPU
		{A6169AB7-8955-46AE-8410-F134AD3D5F04}.Debug|Any CPU.Build.0 = Debug|Any CPU
		{A6169AB7-8955-46AE-8410-F134AD3D5F04}.Release|Any CPU.ActiveCfg = Release|Any CPU
		{A6169AB7-8955-46AE-8410-F134AD3D5F04}.Release|Any CPU.Build.0 = Release|Any CPU
		{CA22111E-5183-4698-9491-5344AA3F544B}.Debug|Any CPU.ActiveCfg = Debug|Any CPU
		{CA22111E-5183-4698-9491-5344AA3F544B}.Debug|Any CPU.Build.0 = Debug|Any CPU
		{CA22111E-5183-4698-9491-5344AA3F544B}.Release|Any CPU.ActiveCfg = Release|Any CPU
		{CA22111E-5183-4698-9491-5344AA3F544B}.Release|Any CPU.Build.0 = Release|Any CPU
		{8BE21A34-6EAE-4417-935D-375641019C49}.Debug|Any CPU.ActiveCfg = Debug|Any CPU
		{8BE21A34-6EAE-4417-935D-375641019C49}.Debug|Any CPU.Build.0 = Debug|Any CPU
		{8BE21A34-6EAE-4417-935D-375641019C49}.Release|Any CPU.ActiveCfg = Release|Any CPU
		{8BE21A34-6EAE-4417-935D-375641019C49}.Release|Any CPU.Build.0 = Release|Any CPU
		{CBBA7F02-28A4-4E00-9EB8-44350EECDFFC}.Debug|Any CPU.ActiveCfg = Debug|Any CPU
		{CBBA7F02-28A4-4E00-9EB8-44350EECDFFC}.Debug|Any CPU.Build.0 = Debug|Any CPU
		{CBBA7F02-28A4-4E00-9EB8-44350EECDFFC}.Release|Any CPU.ActiveCfg = Release|Any CPU
		{CBBA7F02-28A4-4E00-9EB8-44350EECDFFC}.Release|Any CPU.Build.0 = Release|Any CPU
		{775DEF33-A89E-442B-A5DC-876A0E4AA1A1}.Debug|Any CPU.ActiveCfg = Debug|Any CPU
		{775DEF33-A89E-442B-A5DC-876A0E4AA1A1}.Debug|Any CPU.Build.0 = Debug|Any CPU
		{775DEF33-A89E-442B-A5DC-876A0E4AA1A1}.Release|Any CPU.ActiveCfg = Release|Any CPU
		{775DEF33-A89E-442B-A5DC-876A0E4AA1A1}.Release|Any CPU.Build.0 = Release|Any CPU
		{20080380-CCCF-4579-9083-0288D065F10D}.Debug|Any CPU.ActiveCfg = Debug|Any CPU
		{20080380-CCCF-4579-9083-0288D065F10D}.Debug|Any CPU.Build.0 = Debug|Any CPU
		{20080380-CCCF-4579-9083-0288D065F10D}.Release|Any CPU.ActiveCfg = Release|Any CPU
		{20080380-CCCF-4579-9083-0288D065F10D}.Release|Any CPU.Build.0 = Release|Any CPU
		{C537478B-1077-4770-B51A-346016B6A793}.Debug|Any CPU.ActiveCfg = Debug|Any CPU
		{C537478B-1077-4770-B51A-346016B6A793}.Debug|Any CPU.Build.0 = Debug|Any CPU
		{C537478B-1077-4770-B51A-346016B6A793}.Release|Any CPU.ActiveCfg = Release|Any CPU
		{C537478B-1077-4770-B51A-346016B6A793}.Release|Any CPU.Build.0 = Release|Any CPU
		{14F5294A-710B-4696-BCA7-717E5022EF79}.Debug|Any CPU.ActiveCfg = Debug|Any CPU
		{14F5294A-710B-4696-BCA7-717E5022EF79}.Debug|Any CPU.Build.0 = Debug|Any CPU
		{14F5294A-710B-4696-BCA7-717E5022EF79}.Release|Any CPU.ActiveCfg = Release|Any CPU
		{14F5294A-710B-4696-BCA7-717E5022EF79}.Release|Any CPU.Build.0 = Release|Any CPU
		{CEA28CA3-3748-4617-B59A-33FD90297165}.Debug|Any CPU.ActiveCfg = Debug|Any CPU
		{CEA28CA3-3748-4617-B59A-33FD90297165}.Debug|Any CPU.Build.0 = Debug|Any CPU
		{CEA28CA3-3748-4617-B59A-33FD90297165}.Release|Any CPU.ActiveCfg = Release|Any CPU
		{CEA28CA3-3748-4617-B59A-33FD90297165}.Release|Any CPU.Build.0 = Release|Any CPU
		{2B6CDD00-5CCB-44C8-A5BE-B7CFBEED8F6B}.Debug|Any CPU.ActiveCfg = Debug|Any CPU
		{2B6CDD00-5CCB-44C8-A5BE-B7CFBEED8F6B}.Debug|Any CPU.Build.0 = Debug|Any CPU
		{2B6CDD00-5CCB-44C8-A5BE-B7CFBEED8F6B}.Release|Any CPU.ActiveCfg = Release|Any CPU
		{2B6CDD00-5CCB-44C8-A5BE-B7CFBEED8F6B}.Release|Any CPU.Build.0 = Release|Any CPU
		{7262CBA2-C34E-44CC-AA17-493A9AE2C5AA}.Debug|Any CPU.ActiveCfg = Debug|Any CPU
		{7262CBA2-C34E-44CC-AA17-493A9AE2C5AA}.Debug|Any CPU.Build.0 = Debug|Any CPU
		{7262CBA2-C34E-44CC-AA17-493A9AE2C5AA}.Release|Any CPU.ActiveCfg = Release|Any CPU
		{7262CBA2-C34E-44CC-AA17-493A9AE2C5AA}.Release|Any CPU.Build.0 = Release|Any CPU
		{123BC4CD-7234-457B-B937-34687774EB63}.Debug|Any CPU.ActiveCfg = Debug|Any CPU
		{123BC4CD-7234-457B-B937-34687774EB63}.Debug|Any CPU.Build.0 = Debug|Any CPU
		{123BC4CD-7234-457B-B937-34687774EB63}.Release|Any CPU.ActiveCfg = Release|Any CPU
		{123BC4CD-7234-457B-B937-34687774EB63}.Release|Any CPU.Build.0 = Release|Any CPU
		{97110FDB-2183-4C0B-B7A6-CEA19860CABB}.Debug|Any CPU.ActiveCfg = Debug|Any CPU
		{97110FDB-2183-4C0B-B7A6-CEA19860CABB}.Debug|Any CPU.Build.0 = Debug|Any CPU
		{97110FDB-2183-4C0B-B7A6-CEA19860CABB}.Release|Any CPU.ActiveCfg = Release|Any CPU
		{97110FDB-2183-4C0B-B7A6-CEA19860CABB}.Release|Any CPU.Build.0 = Release|Any CPU
		{FE860017-7BDF-475F-8DFF-0788D6AAF655}.Debug|Any CPU.ActiveCfg = Debug|Any CPU
		{FE860017-7BDF-475F-8DFF-0788D6AAF655}.Debug|Any CPU.Build.0 = Debug|Any CPU
		{FE860017-7BDF-475F-8DFF-0788D6AAF655}.Release|Any CPU.ActiveCfg = Release|Any CPU
		{FE860017-7BDF-475F-8DFF-0788D6AAF655}.Release|Any CPU.Build.0 = Release|Any CPU
		{F2236B5B-D51D-4FA3-805F-83425ED2E19E}.Debug|Any CPU.ActiveCfg = Debug|Any CPU
		{F2236B5B-D51D-4FA3-805F-83425ED2E19E}.Debug|Any CPU.Build.0 = Debug|Any CPU
		{F2236B5B-D51D-4FA3-805F-83425ED2E19E}.Release|Any CPU.ActiveCfg = Release|Any CPU
		{F2236B5B-D51D-4FA3-805F-83425ED2E19E}.Release|Any CPU.Build.0 = Release|Any CPU
		{7513F4E6-119F-4D94-89D8-E66D563BFA2C}.Debug|Any CPU.ActiveCfg = Debug|Any CPU
		{7513F4E6-119F-4D94-89D8-E66D563BFA2C}.Debug|Any CPU.Build.0 = Debug|Any CPU
		{7513F4E6-119F-4D94-89D8-E66D563BFA2C}.Release|Any CPU.ActiveCfg = Release|Any CPU
		{7513F4E6-119F-4D94-89D8-E66D563BFA2C}.Release|Any CPU.Build.0 = Release|Any CPU
		{FD75FC44-46C3-4F91-9F08-D6FB317446A5}.Debug|Any CPU.ActiveCfg = Debug|Any CPU
		{FD75FC44-46C3-4F91-9F08-D6FB317446A5}.Debug|Any CPU.Build.0 = Debug|Any CPU
		{FD75FC44-46C3-4F91-9F08-D6FB317446A5}.Release|Any CPU.ActiveCfg = Release|Any CPU
		{FD75FC44-46C3-4F91-9F08-D6FB317446A5}.Release|Any CPU.Build.0 = Release|Any CPU
	EndGlobalSection
	GlobalSection(SolutionProperties) = preSolution
		HideSolutionNode = FALSE
	EndGlobalSection
	GlobalSection(NestedProjects) = preSolution
		{557943C4-5C11-7C2E-73E9-EA0C5E5E1803} = {827E0CD3-B72D-47B6-A68D-7590B98EB39B}
		{98E4E005-1E7C-F65E-7F8F-282D91EBE6BD} = {827E0CD3-B72D-47B6-A68D-7590B98EB39B}
		{EB995F32-5910-48D2-83CB-556153FF8CE8} = {827E0CD3-B72D-47B6-A68D-7590B98EB39B}
		{D5AA14CA-F4FE-1C7E-9F14-41BF0EAE8DFD} = {0AB3BF05-4346-4AA6-1389-037BE0695223}
		{50670F1E-3A04-8BAB-C7B3-BE3AD51E4445} = {0AB3BF05-4346-4AA6-1389-037BE0695223}
		{CDE352C6-4A7B-89F2-E88B-1B6090FAFFEF} = {0AB3BF05-4346-4AA6-1389-037BE0695223}
		{59C5545C-FDD9-43C5-846D-A922AA841BA5} = {827E0CD3-B72D-47B6-A68D-7590B98EB39B}
		{8D870140-EAD9-46CC-AF3C-957799B0C19D} = {827E0CD3-B72D-47B6-A68D-7590B98EB39B}
		{A6169AB7-8955-46AE-8410-F134AD3D5F04} = {827E0CD3-B72D-47B6-A68D-7590B98EB39B}
		{CA22111E-5183-4698-9491-5344AA3F544B} = {827E0CD3-B72D-47B6-A68D-7590B98EB39B}
		{8BE21A34-6EAE-4417-935D-375641019C49} = {827E0CD3-B72D-47B6-A68D-7590B98EB39B}
		{CBBA7F02-28A4-4E00-9EB8-44350EECDFFC} = {0AB3BF05-4346-4AA6-1389-037BE0695223}
		{775DEF33-A89E-442B-A5DC-876A0E4AA1A1} = {0AB3BF05-4346-4AA6-1389-037BE0695223}
		{20080380-CCCF-4579-9083-0288D065F10D} = {0AB3BF05-4346-4AA6-1389-037BE0695223}
		{C537478B-1077-4770-B51A-346016B6A793} = {0AB3BF05-4346-4AA6-1389-037BE0695223}
		{14F5294A-710B-4696-BCA7-717E5022EF79} = {0AB3BF05-4346-4AA6-1389-037BE0695223}
		{CEA28CA3-3748-4617-B59A-33FD90297165} = {827E0CD3-B72D-47B6-A68D-7590B98EB39B}
		{2B6CDD00-5CCB-44C8-A5BE-B7CFBEED8F6B} = {0AB3BF05-4346-4AA6-1389-037BE0695223}
		{7262CBA2-C34E-44CC-AA17-493A9AE2C5AA} = {827E0CD3-B72D-47B6-A68D-7590B98EB39B}
		{123BC4CD-7234-457B-B937-34687774EB63} = {0AB3BF05-4346-4AA6-1389-037BE0695223}
		{97110FDB-2183-4C0B-B7A6-CEA19860CABB} = {827E0CD3-B72D-47B6-A68D-7590B98EB39B}
		{FE860017-7BDF-475F-8DFF-0788D6AAF655} = {0AB3BF05-4346-4AA6-1389-037BE0695223}
		{F2236B5B-D51D-4FA3-805F-83425ED2E19E} = {827E0CD3-B72D-47B6-A68D-7590B98EB39B}
		{7513F4E6-119F-4D94-89D8-E66D563BFA2C} = {0AB3BF05-4346-4AA6-1389-037BE0695223}
		{FD75FC44-46C3-4F91-9F08-D6FB317446A5} = {827E0CD3-B72D-47B6-A68D-7590B98EB39B}
	EndGlobalSection
	GlobalSection(ExtensibilityGlobals) = postSolution
		SolutionGuid = {D89259FE-E204-4F51-8ABC-DA3BBE37E7F8}
	EndGlobalSection
EndGlobal
